
Microsoft Visual Studio Solution File, Format Version 12.00
# Visual Studio Version 17
VisualStudioVersion = 17.3.32901.215
MinimumVisualStudioVersion = 10.0.40219.1
Project("{8BC9CEB8-8B4A-11D0-8D11-00A0C91BC942}") = "TicTacToe", "TicTacToe.vcxproj", "{093C8A8C-82F8-44CA-B123-CF42526E8078}"
EndProject
Global
	GlobalSection(SolutionConfigurationPlatforms) = preSolution
		Debug|x64 = Debug|x64
		Debug|x86 = Debug|x86
		Release|x64 = Release|x64
		Release|x86 = Release|x86
	EndGlobalSection
	GlobalSection(ProjectConfigurationPlatforms) = postSolution
		{093C8A8C-82F8-44CA-B123-CF42526E8078}.Debug|x64.ActiveCfg = Debug|x64
		{093C8A8C-82F8-44CA-B123-CF42526E8078}.Debug|x64.Build.0 = Debug|x64
		{093C8A8C-82F8-44CA-B123-CF42526E8078}.Debug|x86.ActiveCfg = Debug|Win32
		{093C8A8C-82F8-44CA-B123-CF42526E8078}.Debug|x86.Build.0 = Debug|Win32
		{093C8A8C-82F8-44CA-B123-CF42526E8078}.Release|x64.ActiveCfg = Release|x64
		{093C8A8C-82F8-44CA-B123-CF42526E8078}.Release|x64.Build.0 = Release|x64
		{093C8A8C-82F8-44CA-B123-CF42526E8078}.Release|x86.ActiveCfg = Release|Win32
		{093C8A8C-82F8-44CA-B123-CF42526E8078}.Release|x86.Build.0 = Release|Win32
	EndGlobalSection
	GlobalSection(SolutionProperties) = preSolution
		HideSolutionNode = FALSE
	EndGlobalSection
	GlobalSection(ExtensibilityGlobals) = postSolution
		SolutionGuid = {B7B71BF3-74EF-4CA2-99EC-98F6561060B2}
	EndGlobalSection
EndGlobal
